
Microsoft Visual Studio Solution File, Format Version 12.00
# Visual Studio 15
VisualStudioVersion = 15.0.28307.539
MinimumVisualStudioVersion = 10.0.40219.1
Project("{9A19103F-16F7-4668-BE54-9A1E7A4F7556}") = "MSCore", "MSCore\MSCore.csproj", "{ECA43E16-76FA-42BC-8761-F9491F6A027B}"
EndProject
Project("{9A19103F-16F7-4668-BE54-9A1E7A4F7556}") = "MSCoreTest", "MSCoreTest\MSCoreTest.csproj", "{981A8580-A528-4D2F-AE6C-899D841246B1}"
EndProject
Global
	GlobalSection(SolutionConfigurationPlatforms) = preSolution
		Debug|Any CPU = Debug|Any CPU
		Release|Any CPU = Release|Any CPU
	EndGlobalSection
	GlobalSection(ProjectConfigurationPlatforms) = postSolution
		{ECA43E16-76FA-42BC-8761-F9491F6A027B}.Debug|Any CPU.ActiveCfg = Debug|Any CPU
		{ECA43E16-76FA-42BC-8761-F9491F6A027B}.Debug|Any CPU.Build.0 = Debug|Any CPU
		{ECA43E16-76FA-42BC-8761-F9491F6A027B}.Release|Any CPU.ActiveCfg = Release|Any CPU
		{ECA43E16-76FA-42BC-8761-F9491F6A027B}.Release|Any CPU.Build.0 = Release|Any CPU
		{981A8580-A528-4D2F-AE6C-899D841246B1}.Debug|Any CPU.ActiveCfg = Debug|Any CPU
		{981A8580-A528-4D2F-AE6C-899D841246B1}.Debug|Any CPU.Build.0 = Debug|Any CPU
		{981A8580-A528-4D2F-AE6C-899D841246B1}.Release|Any CPU.ActiveCfg = Release|Any CPU
		{981A8580-A528-4D2F-AE6C-899D841246B1}.Release|Any CPU.Build.0 = Release|Any CPU
	EndGlobalSection
	GlobalSection(SolutionProperties) = preSolution
		HideSolutionNode = FALSE
	EndGlobalSection
	GlobalSection(ExtensibilityGlobals) = postSolution
		SolutionGuid = {84F18A9A-B8F4-46C0-9CC4-67E36D8AB053}
	EndGlobalSection
EndGlobal
